
Microsoft Visual Studio Solution File, Format Version 12.00
# Visual Studio 15
VisualStudioVersion = 15.0.27130.2024
MinimumVisualStudioVersion = 10.0.40219.1
Project("{2150E333-8FDC-42A3-9474-1A3956D46DE8}") = "src", "src", "{77DA5A7D-C731-4789-A81E-1E36F9AFE1C7}"
EndProject
Project("{2150E333-8FDC-42A3-9474-1A3956D46DE8}") = "Domain", "Domain", "{9157D94E-94A4-4015-B1A8-97D02CB39A12}"
EndProject
Project("{2150E333-8FDC-42A3-9474-1A3956D46DE8}") = "Infra", "Infra", "{9BBFA756-21B2-4037-A60F-2DB18A2C6D76}"
EndProject
Project("{2150E333-8FDC-42A3-9474-1A3956D46DE8}") = "Data", "Data", "{54F86401-52B9-4E43-B662-0935BC4DD564}"
EndProject
Project("{2150E333-8FDC-42A3-9474-1A3956D46DE8}") = "CrossCuttingConcern", "CrossCuttingConcern", "{BB50D3C7-28FB-4F1B-9AD9-D84E33CC2480}"
EndProject
Project("{9A19103F-16F7-4668-BE54-9A1E7A4F7556}") = "Library.Domain.Core", "src\Domain\Library.Domain.Core\Library.Domain.Core.csproj", "{E86C7622-3FA9-4C84-ACBC-F6882EDEA01C}"
EndProject
Project("{9A19103F-16F7-4668-BE54-9A1E7A4F7556}") = "Library.Domain", "src\Domain\Library.Domain\Library.Domain.csproj", "{28E742B3-8549-45EA-8CF8-E61C1D0A5065}"
EndProject
Project("{9A19103F-16F7-4668-BE54-9A1E7A4F7556}") = "Library.System", "src\Infra\CrossCuttingConcern\Library.System\Library.System.csproj", "{2284046C-F9D1-4855-9A30-55717DEB61F1}"
EndProject
Project("{9A19103F-16F7-4668-BE54-9A1E7A4F7556}") = "Library.Persistence", "src\Infra\Data\Library.Persistence\Library.Persistence.csproj", "{E077C56F-5248-4952-B2A4-DF1BD37AAAF7}"
EndProject
Project("{9A19103F-16F7-4668-BE54-9A1E7A4F7556}") = "Library.Repositories", "src\Infra\Library.Repositories\Library.Repositories.csproj", "{3D89E6AB-0F9A-4885-9964-A7AB8F97C8FC}"
EndProject
Project("{2150E333-8FDC-42A3-9474-1A3956D46DE8}") = "Services", "Services", "{FC6BD7C7-73E1-4CC9-88E1-F24424467143}"
EndProject
Project("{9A19103F-16F7-4668-BE54-9A1E7A4F7556}") = "Library.Services", "src\Services\Library.Services\Library.Services.csproj", "{15929B2A-60A8-4880-BA69-4A95B6747AFF}"
EndProject
Global
	GlobalSection(SolutionConfigurationPlatforms) = preSolution
		Debug|Any CPU = Debug|Any CPU
		Release|Any CPU = Release|Any CPU
	EndGlobalSection
	GlobalSection(ProjectConfigurationPlatforms) = postSolution
		{E86C7622-3FA9-4C84-ACBC-F6882EDEA01C}.Debug|Any CPU.ActiveCfg = Debug|Any CPU
		{E86C7622-3FA9-4C84-ACBC-F6882EDEA01C}.Debug|Any CPU.Build.0 = Debug|Any CPU
		{E86C7622-3FA9-4C84-ACBC-F6882EDEA01C}.Release|Any CPU.ActiveCfg = Release|Any CPU
		{E86C7622-3FA9-4C84-ACBC-F6882EDEA01C}.Release|Any CPU.Build.0 = Release|Any CPU
		{28E742B3-8549-45EA-8CF8-E61C1D0A5065}.Debug|Any CPU.ActiveCfg = Debug|Any CPU
		{28E742B3-8549-45EA-8CF8-E61C1D0A5065}.Debug|Any CPU.Build.0 = Debug|Any CPU
		{28E742B3-8549-45EA-8CF8-E61C1D0A5065}.Release|Any CPU.ActiveCfg = Release|Any CPU
		{28E742B3-8549-45EA-8CF8-E61C1D0A5065}.Release|Any CPU.Build.0 = Release|Any CPU
		{2284046C-F9D1-4855-9A30-55717DEB61F1}.Debug|Any CPU.ActiveCfg = Debug|Any CPU
		{2284046C-F9D1-4855-9A30-55717DEB61F1}.Debug|Any CPU.Build.0 = Debug|Any CPU
		{2284046C-F9D1-4855-9A30-55717DEB61F1}.Release|Any CPU.ActiveCfg = Release|Any CPU
		{2284046C-F9D1-4855-9A30-55717DEB61F1}.Release|Any CPU.Build.0 = Release|Any CPU
		{E077C56F-5248-4952-B2A4-DF1BD37AAAF7}.Debug|Any CPU.ActiveCfg = Debug|Any CPU
		{E077C56F-5248-4952-B2A4-DF1BD37AAAF7}.Debug|Any CPU.Build.0 = Debug|Any CPU
		{E077C56F-5248-4952-B2A4-DF1BD37AAAF7}.Release|Any CPU.ActiveCfg = Release|Any CPU
		{E077C56F-5248-4952-B2A4-DF1BD37AAAF7}.Release|Any CPU.Build.0 = Release|Any CPU
		{3D89E6AB-0F9A-4885-9964-A7AB8F97C8FC}.Debug|Any CPU.ActiveCfg = Debug|Any CPU
		{3D89E6AB-0F9A-4885-9964-A7AB8F97C8FC}.Debug|Any CPU.Build.0 = Debug|Any CPU
		{3D89E6AB-0F9A-4885-9964-A7AB8F97C8FC}.Release|Any CPU.ActiveCfg = Release|Any CPU
		{3D89E6AB-0F9A-4885-9964-A7AB8F97C8FC}.Release|Any CPU.Build.0 = Release|Any CPU
		{15929B2A-60A8-4880-BA69-4A95B6747AFF}.Debug|Any CPU.ActiveCfg = Debug|Any CPU
		{15929B2A-60A8-4880-BA69-4A95B6747AFF}.Debug|Any CPU.Build.0 = Debug|Any CPU
		{15929B2A-60A8-4880-BA69-4A95B6747AFF}.Release|Any CPU.ActiveCfg = Release|Any CPU
		{15929B2A-60A8-4880-BA69-4A95B6747AFF}.Release|Any CPU.Build.0 = Release|Any CPU
	EndGlobalSection
	GlobalSection(SolutionProperties) = preSolution
		HideSolutionNode = FALSE
	EndGlobalSection
	GlobalSection(NestedProjects) = preSolution
		{9157D94E-94A4-4015-B1A8-97D02CB39A12} = {77DA5A7D-C731-4789-A81E-1E36F9AFE1C7}
		{9BBFA756-21B2-4037-A60F-2DB18A2C6D76} = {77DA5A7D-C731-4789-A81E-1E36F9AFE1C7}
		{54F86401-52B9-4E43-B662-0935BC4DD564} = {9BBFA756-21B2-4037-A60F-2DB18A2C6D76}
		{BB50D3C7-28FB-4F1B-9AD9-D84E33CC2480} = {9BBFA756-21B2-4037-A60F-2DB18A2C6D76}
		{E86C7622-3FA9-4C84-ACBC-F6882EDEA01C} = {9157D94E-94A4-4015-B1A8-97D02CB39A12}
		{28E742B3-8549-45EA-8CF8-E61C1D0A5065} = {9157D94E-94A4-4015-B1A8-97D02CB39A12}
		{2284046C-F9D1-4855-9A30-55717DEB61F1} = {BB50D3C7-28FB-4F1B-9AD9-D84E33CC2480}
		{E077C56F-5248-4952-B2A4-DF1BD37AAAF7} = {54F86401-52B9-4E43-B662-0935BC4DD564}
		{3D89E6AB-0F9A-4885-9964-A7AB8F97C8FC} = {54F86401-52B9-4E43-B662-0935BC4DD564}
		{FC6BD7C7-73E1-4CC9-88E1-F24424467143} = {9BBFA756-21B2-4037-A60F-2DB18A2C6D76}
		{15929B2A-60A8-4880-BA69-4A95B6747AFF} = {FC6BD7C7-73E1-4CC9-88E1-F24424467143}
	EndGlobalSection
	GlobalSection(ExtensibilityGlobals) = postSolution
		SolutionGuid = {E1B08537-52BD-4BE9-8936-2C34C7EDE67E}
	EndGlobalSection
EndGlobal
